
Microsoft Visual Studio Solution File, Format Version 12.00
# Visual Studio Version 16
VisualStudioVersion = 16.0.31205.134
MinimumVisualStudioVersion = 10.0.40219.1
Project("{FAE04EC0-301F-11D3-BF4B-00C04F79EFBC}") = "CaesarCipherProject", "CaesarCipherProject\CaesarCipherProject.csproj", "{59DFAB9E-5905-4115-9FD4-16B995E3FC4A}"
EndProject
Project("{FAE04EC0-301F-11D3-BF4B-00C04F79EFBC}") = "CaesarCipherProject.Tests", "CaesarCipherProject.Tests\CaesarCipherProject.Tests.csproj", "{D2083002-3BBE-47BB-BF6E-C669D18BB6EC}"
EndProject
Global
	GlobalSection(SolutionConfigurationPlatforms) = preSolution
		Debug|Any CPU = Debug|Any CPU
		Release|Any CPU = Release|Any CPU
	EndGlobalSection
	GlobalSection(ProjectConfigurationPlatforms) = postSolution
		{59DFAB9E-5905-4115-9FD4-16B995E3FC4A}.Debug|Any CPU.ActiveCfg = Debug|Any CPU
		{59DFAB9E-5905-4115-9FD4-16B995E3FC4A}.Debug|Any CPU.Build.0 = Debug|Any CPU
		{59DFAB9E-5905-4115-9FD4-16B995E3FC4A}.Release|Any CPU.ActiveCfg = Release|Any CPU
		{59DFAB9E-5905-4115-9FD4-16B995E3FC4A}.Release|Any CPU.Build.0 = Release|Any CPU
		{D2083002-3BBE-47BB-BF6E-C669D18BB6EC}.Debug|Any CPU.ActiveCfg = Debug|Any CPU
		{D2083002-3BBE-47BB-BF6E-C669D18BB6EC}.Debug|Any CPU.Build.0 = Debug|Any CPU
		{D2083002-3BBE-47BB-BF6E-C669D18BB6EC}.Release|Any CPU.ActiveCfg = Release|Any CPU
		{D2083002-3BBE-47BB-BF6E-C669D18BB6EC}.Release|Any CPU.Build.0 = Release|Any CPU
	EndGlobalSection
	GlobalSection(SolutionProperties) = preSolution
		HideSolutionNode = FALSE
	EndGlobalSection
	GlobalSection(ExtensibilityGlobals) = postSolution
		SolutionGuid = {A3627F9C-6F8E-45EE-AE52-4574F2B5585A}
	EndGlobalSection
EndGlobal
